
Microsoft Visual Studio Solution File, Format Version 12.00
# Visual Studio Version 17
VisualStudioVersion = 17.0.31903.59
MinimumVisualStudioVersion = 10.0.40219.1
Project("{FAE04EC0-301F-11D3-BF4B-00C04F79EFBC}") = "InventoFlow.Domain", "InventoFlow.Domain\InventoFlow.Domain.csproj", "{653D389A-E57F-4276-8197-1FB1DB2C42C8}"
EndProject
Project("{FAE04EC0-301F-11D3-BF4B-00C04F79EFBC}") = "InventoFlow.Application", "InventoFlow.Application\InventoFlow.Application.csproj", "{1AF7FE83-6FCB-482A-BD40-A611E0A1504C}"
EndProject
Project("{FAE04EC0-301F-11D3-BF4B-00C04F79EFBC}") = "InventoFlow.Infrastructure", "InventoFlow.Infrastructure\InventoFlow.Infrastructure.csproj", "{31354379-99A7-4DC3-A37D-91664DEFE11B}"
EndProject
Project("{FAE04EC0-301F-11D3-BF4B-00C04F79EFBC}") = "INVENTO-FLOW", "INVENTO-FLOW\INVENTO-FLOW.csproj", "{7BDA07F7-AF06-47E7-B4E0-A57865EC8A34}"
EndProject
Project("{FAE04EC0-301F-11D3-BF4B-00C04F79EFBC}") = "InventoFlow.UnitTests", "InventoFlow.UnitTests\InventoFlow.UnitTests.csproj", "{21A102BA-BE25-4BD5-BEBB-21D110FC5BDD}"
EndProject
Global
	GlobalSection(SolutionConfigurationPlatforms) = preSolution
		Debug|Any CPU = Debug|Any CPU
		Debug|x64 = Debug|x64
		Debug|x86 = Debug|x86
		Release|Any CPU = Release|Any CPU
		Release|x64 = Release|x64
		Release|x86 = Release|x86
	EndGlobalSection
	GlobalSection(ProjectConfigurationPlatforms) = postSolution
		{653D389A-E57F-4276-8197-1FB1DB2C42C8}.Debug|Any CPU.ActiveCfg = Debug|Any CPU
		{653D389A-E57F-4276-8197-1FB1DB2C42C8}.Debug|Any CPU.Build.0 = Debug|Any CPU
		{653D389A-E57F-4276-8197-1FB1DB2C42C8}.Debug|x64.ActiveCfg = Debug|Any CPU
		{653D389A-E57F-4276-8197-1FB1DB2C42C8}.Debug|x64.Build.0 = Debug|Any CPU
		{653D389A-E57F-4276-8197-1FB1DB2C42C8}.Debug|x86.ActiveCfg = Debug|Any CPU
		{653D389A-E57F-4276-8197-1FB1DB2C42C8}.Debug|x86.Build.0 = Debug|Any CPU
		{653D389A-E57F-4276-8197-1FB1DB2C42C8}.Release|Any CPU.ActiveCfg = Release|Any CPU
		{653D389A-E57F-4276-8197-1FB1DB2C42C8}.Release|Any CPU.Build.0 = Release|Any CPU
		{653D389A-E57F-4276-8197-1FB1DB2C42C8}.Release|x64.ActiveCfg = Release|Any CPU
		{653D389A-E57F-4276-8197-1FB1DB2C42C8}.Release|x64.Build.0 = Release|Any CPU
		{653D389A-E57F-4276-8197-1FB1DB2C42C8}.Release|x86.ActiveCfg = Release|Any CPU
		{653D389A-E57F-4276-8197-1FB1DB2C42C8}.Release|x86.Build.0 = Release|Any CPU
		{1AF7FE83-6FCB-482A-BD40-A611E0A1504C}.Debug|Any CPU.ActiveCfg = Debug|Any CPU
		{1AF7FE83-6FCB-482A-BD40-A611E0A1504C}.Debug|Any CPU.Build.0 = Debug|Any CPU
		{1AF7FE83-6FCB-482A-BD40-A611E0A1504C}.Debug|x64.ActiveCfg = Debug|Any CPU
		{1AF7FE83-6FCB-482A-BD40-A611E0A1504C}.Debug|x64.Build.0 = Debug|Any CPU
		{1AF7FE83-6FCB-482A-BD40-A611E0A1504C}.Debug|x86.ActiveCfg = Debug|Any CPU
		{1AF7FE83-6FCB-482A-BD40-A611E0A1504C}.Debug|x86.Build.0 = Debug|Any CPU
		{1AF7FE83-6FCB-482A-BD40-A611E0A1504C}.Release|Any CPU.ActiveCfg = Release|Any CPU
		{1AF7FE83-6FCB-482A-BD40-A611E0A1504C}.Release|Any CPU.Build.0 = Release|Any CPU
		{1AF7FE83-6FCB-482A-BD40-A611E0A1504C}.Release|x64.ActiveCfg = Release|Any CPU
		{1AF7FE83-6FCB-482A-BD40-A611E0A1504C}.Release|x64.Build.0 = Release|Any CPU
		{1AF7FE83-6FCB-482A-BD40-A611E0A1504C}.Release|x86.ActiveCfg = Release|Any CPU
		{1AF7FE83-6FCB-482A-BD40-A611E0A1504C}.Release|x86.Build.0 = Release|Any CPU
		{31354379-99A7-4DC3-A37D-91664DEFE11B}.Debug|Any CPU.ActiveCfg = Debug|Any CPU
		{31354379-99A7-4DC3-A37D-91664DEFE11B}.Debug|Any CPU.Build.0 = Debug|Any CPU
		{31354379-99A7-4DC3-A37D-91664DEFE11B}.Debug|x64.ActiveCfg = Debug|Any CPU
		{31354379-99A7-4DC3-A37D-91664DEFE11B}.Debug|x64.Build.0 = Debug|Any CPU
		{31354379-99A7-4DC3-A37D-91664DEFE11B}.Debug|x86.ActiveCfg = Debug|Any CPU
		{31354379-99A7-4DC3-A37D-91664DEFE11B}.Debug|x86.Build.0 = Debug|Any CPU
		{31354379-99A7-4DC3-A37D-91664DEFE11B}.Release|Any CPU.ActiveCfg = Release|Any CPU
		{31354379-99A7-4DC3-A37D-91664DEFE11B}.Release|Any CPU.Build.0 = Release|Any CPU
		{31354379-99A7-4DC3-A37D-91664DEFE11B}.Release|x64.ActiveCfg = Release|Any CPU
		{31354379-99A7-4DC3-A37D-91664DEFE11B}.Release|x64.Build.0 = Release|Any CPU
		{31354379-99A7-4DC3-A37D-91664DEFE11B}.Release|x86.ActiveCfg = Release|Any CPU
		{31354379-99A7-4DC3-A37D-91664DEFE11B}.Release|x86.Build.0 = Release|Any CPU
		{7BDA07F7-AF06-47E7-B4E0-A57865EC8A34}.Debug|Any CPU.ActiveCfg = Debug|Any CPU
		{7BDA07F7-AF06-47E7-B4E0-A57865EC8A34}.Debug|Any CPU.Build.0 = Debug|Any CPU
		{7BDA07F7-AF06-47E7-B4E0-A57865EC8A34}.Debug|x64.ActiveCfg = Debug|Any CPU
		{7BDA07F7-AF06-47E7-B4E0-A57865EC8A34}.Debug|x64.Build.0 = Debug|Any CPU
		{7BDA07F7-AF06-47E7-B4E0-A57865EC8A34}.Debug|x86.ActiveCfg = Debug|Any CPU
		{7BDA07F7-AF06-47E7-B4E0-A57865EC8A34}.Debug|x86.Build.0 = Debug|Any CPU
		{7BDA07F7-AF06-47E7-B4E0-A57865EC8A34}.Release|Any CPU.ActiveCfg = Release|Any CPU
		{7BDA07F7-AF06-47E7-B4E0-A57865EC8A34}.Release|Any CPU.Build.0 = Release|Any CPU
		{7BDA07F7-AF06-47E7-B4E0-A57865EC8A34}.Release|x64.ActiveCfg = Release|Any CPU
		{7BDA07F7-AF06-47E7-B4E0-A57865EC8A34}.Release|x64.Build.0 = Release|Any CPU
		{7BDA07F7-AF06-47E7-B4E0-A57865EC8A34}.Release|x86.ActiveCfg = Release|Any CPU
		{7BDA07F7-AF06-47E7-B4E0-A57865EC8A34}.Release|x86.Build.0 = Release|Any CPU
		{21A102BA-BE25-4BD5-BEBB-21D110FC5BDD}.Debug|Any CPU.ActiveCfg = Debug|Any CPU
		{21A102BA-BE25-4BD5-BEBB-21D110FC5BDD}.Debug|Any CPU.Build.0 = Debug|Any CPU
		{21A102BA-BE25-4BD5-BEBB-21D110FC5BDD}.Debug|x64.ActiveCfg = Debug|Any CPU
		{21A102BA-BE25-4BD5-BEBB-21D110FC5BDD}.Debug|x64.Build.0 = Debug|Any CPU
		{21A102BA-BE25-4BD5-BEBB-21D110FC5BDD}.Debug|x86.ActiveCfg = Debug|Any CPU
		{21A102BA-BE25-4BD5-BEBB-21D110FC5BDD}.Debug|x86.Build.0 = Debug|Any CPU
		{21A102BA-BE25-4BD5-BEBB-21D110FC5BDD}.Release|Any CPU.ActiveCfg = Release|Any CPU
		{21A102BA-BE25-4BD5-BEBB-21D110FC5BDD}.Release|Any CPU.Build.0 = Release|Any CPU
		{21A102BA-BE25-4BD5-BEBB-21D110FC5BDD}.Release|x64.ActiveCfg = Release|Any CPU
		{21A102BA-BE25-4BD5-BEBB-21D110FC5BDD}.Release|x64.Build.0 = Release|Any CPU
		{21A102BA-BE25-4BD5-BEBB-21D110FC5BDD}.Release|x86.ActiveCfg = Release|Any CPU
		{21A102BA-BE25-4BD5-BEBB-21D110FC5BDD}.Release|x86.Build.0 = Release|Any CPU
	EndGlobalSection
	GlobalSection(SolutionProperties) = preSolution
		HideSolutionNode = FALSE
	EndGlobalSection
EndGlobal
